{
  "version": "1.0",
  "generatedAt": "2026-07-24T15:45:35.802Z",
  "integrations": {
    "achu-control-centre": {
      "idMappings": {
        "base": "01fe70fd686d70c0",
        "tables": {
          "Customers": "ti2Xo99eYLs",
          "Payments": "tg6AjG5wKzN",
          "Jobs": "t33B41KNHpC",
          "Cleaners": "toV72Mhn5z4",
          "Expenses": "teRmsuykLqG",
          "UserAccounts": "t7B1G96QJfi",
          "JobAssignments": "t5hjUcK2U4V",
          "FinancialSettings": "ttTYZdNgD9q",
          "AuditEvents": "t5zWmxp25KV",
          "QuoteRequests": "t1h8qdsSd1e",
          "JobChecklistItems": "t2Yr1gfkS3R",
          "IdempotencyTokens": "toVoZMSeELh"
        },
        "fields": {
          "Customers": {
            "customerId": "fdRx5tC1yQt",
            "customerName": "fmxzXodWCXY",
            "phone": "fhBK8DmUJmV",
            "email": "frDAqKnyv9F",
            "address": "fj2K2fDZePE",
            "customerType": "fh1VhhrXBt1",
            "status": "fmnfQysxHxP",
            "notes": "fcvMaWgTp8V",
            "createdDate": "foXouvjcru5",
            "payments": "fwZxq8qXqQQ",
            "jobs": "f7mUsgbDbRF",
            "userAccounts": "frKLWf52QXZ",
            "quoteRequests": "fgxB9WihmV1",
            "postcode": "f3iRUwJCnff"
          },
          "Payments": {
            "paymentId": "fsoMMPEeJxp",
            "job": "fmCpy39QmMf",
            "customer": "f3P8LfSEGBC",
            "paymentDate": "fgR5FYVAmas",
            "amount": "ftbEbcWfPXW",
            "paymentMethod": "f9KYtbA3iFm",
            "paymentProvider": "f23fw4vpq8e",
            "paymentStatus": "fqmdkUtD8zi",
            "externalReference": "fiGPf3droKb",
            "notes": "f9mKGA4tCuU",
            "voidStatus": "fg7eTYyEvNV",
            "correctionNotes": "fgUGCbUzyR4",
            "createdBy": "fcZmDZizs2h",
            "updatedBy": "frVe1M3yicx",
            "updatedAt": "fntYZRHCxh7",
            "createdAt": "ffkKahsfFST",
            "idempotencyToken": "fowoExRUAxr",
            "duplicateCheckStatus": "fqjN6m9xSHj",
            "duplicateOverrideBy": "f5zS7p9XPxx",
            "duplicateOverrideAt": "f3KTbvpPa75",
            "duplicateMatchedPaymentIDs": "frxHj6P1wLJ",
            "duplicateSignature": "f67Xd2zNK1k"
          },
          "Jobs": {
            "jobId": "fkhFggMTZ32",
            "customer": "f7CVSnLLQq2",
            "jobDate": "fuuHsRnUzxY",
            "service": "feub63wTh7o",
            "address": "foSyGQEgLCx",
            "startTime": "fjCcU6UzdWo",
            "finishTime": "fn3DLHuwU6x",
            "status": "f7iaKNaxPNw",
            "amountCharged": "fo3op8wN873",
            "notes": "fuhyD347mCg",
            "createdDate": "fnCkFGYei4C",
            "customerInstructions": "fmBwi4tsBcA",
            "adminNotes": "fgtaJgj3NqG",
            "cleanerCompletionNotes": "fc6ahkHZpYP",
            "payments": "fnB47kL8WEm",
            "expenses": "fktiSfq8oDM",
            "jobAssignments": "fa97MGwYZMf",
            "idempotencyToken": "fuhx8ixuGeK",
            "actualStartTime": "fc7is57ArcA",
            "actualFinishTime": "faHvBK14AME",
            "quoteNumber": "fnN4PMh3mAP",
            "quoteRequests": "fqancEPn2Vv",
            "jobChecklistItems": "fgXS3rrpSMN",
            "checklistOverrideReason": "f2hZHjhcum9",
            "checklistOverrideBy": "fx77g8EKrXB",
            "checklistOverrideAt": "fhm3ReqQym3"
          },
          "Cleaners": {
            "cleanerId": "fn3fUDSbTG9",
            "cleanerName": "fc45MKjCy18",
            "phone": "fsWiPy3XFbN",
            "email": "fmjFGmCbuUJ",
            "active": "f1GVeJXGjTt",
            "notes": "fhjRW8zuved",
            "userAccounts": "fe5ogBq5q6r",
            "jobAssignments": "f1RapDBNiog"
          },
          "Expenses": {
            "expenseId": "fg39LDJaLjP",
            "expenseDate": "f5gw9QJEyWs",
            "supplier": "fa7ucC3WhZZ",
            "category": "fuogkdv4TGV",
            "description": "f11WzsPtsE8",
            "amount": "fhY3sheQWAd",
            "paymentMethod": "fgQS44jwUBQ",
            "paidBy": "ffb8GdnERoX",
            "linkedJob": "fxA33hEgR28",
            "receiptAvailable": "fftEKbChtZ3",
            "notes": "f65DLtpyC5U",
            "createdDate": "f9KuPb8sXEA",
            "voidStatus": "fiPwJQ2jLoQ",
            "correctionNotes": "fprvHWwyKm4",
            "createdBy": "f6qkP9R3SKx",
            "updatedBy": "frNEVQ5m614",
            "updatedAt": "f47aiJxyKY4",
            "receiptFile": "fmTSyAiErkT",
            "documentType": "firBRmnW166",
            "documentNumber": "fsC9D5H3WK2",
            "subtotal": "f1NcqvTnCur",
            "vatAmount": "ffKRo8yfVPv",
            "currency": "fnbtXUN7mGj",
            "extractionStatus": "fuVWT8vkTai",
            "extractionConfidence": "fbdL7JoshBU",
            "extractionNotes": "fuDoiYgo3ji",
            "manuallyReviewed": "fbk3maGijEC",
            "duplicateCheckStatus": "fgpEVzqSxX2",
            "createdAt": "faaQgt6KYCy",
            "duplicateOverrideBy": "fsNQdAq8C96",
            "duplicateOverrideAt": "faxKFfzDZvy",
            "duplicateMatchedExpenseIDs": "foeKkxkEj3N",
            "idempotencyToken": "fsjpuW8yrVe",
            "duplicateSignature": "f9wqojwDuRF"
          },
          "UserAccounts": {
            "userAccountId": "fpKgaviyK7r",
            "email": "f8gUJfRmiQB",
            "firstName": "fsEKpTsnxq6",
            "lastName": "fryquNGEwEY",
            "role": "f2djZRSNdSx",
            "customer": "foeepnjiSWy",
            "cleaner": "fphsZMSFKjD",
            "active": "fgLmfYtyzTo",
            "createdDate": "f1SWTiet5jm"
          },
          "JobAssignments": {
            "jobAssignmentId": "f1GY6eTMnCF",
            "job": "f4WPwiT8QsC",
            "cleaner": "fgua4gR7XG8",
            "assignmentRole": "fhoRe6t9mLL",
            "assignedDate": "f183sRjvqY7",
            "notes": "fuPhdrfyNSV",
            "assignmentUniqueKey": "fwmQepPj2LE"
          },
          "FinancialSettings": {
            "financialSettingsId": "faaz2WuR3US",
            "taxReserve": "fgU9Y6wQVEA",
            "nationalInsuranceReserve": "fcKJ3BfBL3R",
            "emergencyReserve": "fgHv8JAeupt",
            "taxYearStart": "f5TxSn4jCfJ",
            "taxYearEnd": "f4f8Sj5QRkF",
            "notes": "faLpKJmZkhq",
            "active": "fqX94hGjyNR",
            "createdDate": "f1DYU9hCscc",
            "taxYearMode": "fmBrssLYYpo",
            "settingsKey": "f2dysp5hmFc"
          },
          "AuditEvents": {
            "auditEventId": "feD2MVUvWj5",
            "entityType": "fi7XETLFGYm",
            "entityId": "frw3EhsEW1Q",
            "action": "fe9vs4T6eRM",
            "timestamp": "fhh7ErqqwpT",
            "performedBy": "f5B7xzyjJTi",
            "summary": "fe2Upw5aDj8",
            "previousValues": "f5DHCgVqgZL",
            "newValues": "f2jqUpYMmNV",
            "correctionNotes": "f2mHcZaPyLG",
            "metadata": "fc2N5w1tnT8"
          },
          "QuoteRequests": {
            "quoteRequestId": "faszznjb46n",
            "fullName": "f7bX2fe2DAA",
            "email": "fu1rsMwoLjq",
            "phone": "f9ytjMV7ysR",
            "address": "fsvvrneYzL4",
            "postcode": "f1rXCwNTyfh",
            "customerType": "f7iaymUQgCJ",
            "services": "f4TfCEovFY5",
            "preferredDate": "fuw8sCjxGCG",
            "preferredTime": "f1QejCdk1p7",
            "propertyDetails": "f4pZLrKsTfu",
            "additionalNotes": "ftUdfp4RbfV",
            "status": "fe48AEyXKRz",
            "customer": "f1grZUt69AT",
            "job": "fbZahikgsqs",
            "source": "fnSf9ZipAxb",
            "submissionId": "feQdJQh4RC1",
            "submittedAt": "fg6MR83in4f",
            "updatedAt": "fd9r8z55Jj9",
            "serviceDetails": "fxm4u5dwGfy",
            "regularCleaningBedrooms": "fsCSyoXbhdR",
            "_2SeatSofas": "fmq2bd1vcXC",
            "paths": "fhm3iGA8Bij",
            "deepCleaningHallways": "f1X36XGxgXv",
            "steamSanitisationLivingRooms": "fvAUFT9gwMu",
            "lawns": "f8uzw615Ntb",
            "deepCleaningLivingRooms": "fw2g4yZsEY1",
            "steamSanitisationBedrooms": "fiVQatHSc68",
            "steamSanitisationKitchens": "fnv6GQZrA2T",
            "regularCleaningKitchens": "f2sM2wc9xkr",
            "deepCleaningKitchens": "fouAqEz7Vn9",
            "regularCleaningLivingRooms": "feoszz1WoGs",
            "endOfTenancyHallways": "fcHNmBKFhC3",
            "carpetedRooms": "fmKpX7LHuFr",
            "_3SeatSofas": "forx7CcemGp",
            "deepCleaningBedrooms": "f6ANaKV97SH",
            "armchairs": "f32tNndpksC",
            "staircases": "fq7ounZrqTx",
            "regularCleaningHallways": "f6YUcNuFLDZ",
            "leafClearingAreas": "fd28ofXDwvc",
            "endOfTenancyBathrooms": "fnjMvGScK5J",
            "hedges": "fpaGBX7QGqy",
            "windowsBothSides": "fdpyFdcPqsf",
            "weedingAreas": "f1Tk4zgWEik",
            "steamSanitisationBathrooms": "f2Jfj7Wr76D",
            "standardOvens": "fsz7qHwua29",
            "fridgeFreezers": "fkVTUtCMVzd",
            "endOfTenancyLivingRooms": "fqcoZqji2iK",
            "fridges": "fr5CBJGhc66",
            "interiorWindows": "fv26PSDGwDq",
            "doubleOvens": "f2ZYkXqT1p3",
            "endOfTenancyBedrooms": "fn7pfL3cNnV",
            "diningChairs": "fdkHqtiSUQm",
            "deepCleaningBathrooms": "frTyHfUdE62",
            "cornerSofas": "f6NNpTZ3RSL",
            "exteriorWindows": "f3SQqERds3Q",
            "endOfTenancyKitchens": "feSxuY6HdGS",
            "regularCleaningBathrooms": "fccCPV9Q8ys",
            "propertyType": "fwYFc3Ms6cg",
            "totalBedrooms": "f9pUyAvcSFA",
            "totalBathrooms": "fmMFxUokJVV",
            "conversionToken": "fr1GLAPBr61",
            "conversionError": "ftvKidqMPWt"
          },
          "JobChecklistItems": {
            "itemKey": "f9a3cVQXZKF",
            "job": "f3uHCwPZP3r",
            "groupName": "f9oHoKctmVf",
            "itemLabel": "fst8eVZXfbG",
            "sourceField": "fjZhco4rghE",
            "itemIndex": "f7MCNzhtQWi",
            "completed": "f5dkzEXeiuP",
            "completedBy": "fxtMuGFnZpQ",
            "completedAt": "fnc4BnWqykK",
            "notes": "ft3jf9ff8zB",
            "notApplicable": "fw5hdxhzbpr",
            "notApplicableReason": "fpW5HZ3jCtK",
            "obsolete": "feDMCGMVjaL",
            "createdAt": "fbZ59C2WiRL",
            "updatedAt": "ffsEKjAMLtQ"
          },
          "IdempotencyTokens": {
            "token": "fecFfiscbEU",
            "entityId": "fsge1UpJxg1",
            "action": "frY3qLxwqev",
            "status": "ff7b1VwngHE",
            "result": "fjsTEHSfzLW",
            "performedBy": "fn4XCRgX3Ek",
            "createdAt": "fajKCHX6YKs"
          }
        }
      }
    }
  }
}